
Microsoft Visual Studio Solution File, Format Version 12.00
# Visual Studio 15
VisualStudioVersion = 15.0.26730.16
MinimumVisualStudioVersion = 10.0.40219.1
Project("{FAE04EC0-301F-11D3-BF4B-00C04F79EFBC}") = "IdentityDemo", "IdentityDemo\IdentityDemo.csproj", "{AFF222E1-A2B8-4257-9946-E2789D83CBF1}"
EndProject
Global
	GlobalSection(SolutionConfigurationPlatforms) = preSolution
		Debug|Any CPU = Debug|Any CPU
		Release|Any CPU = Release|Any CPU
	EndGlobalSection
	GlobalSection(ProjectConfigurationPlatforms) = postSolution
		{AFF222E1-A2B8-4257-9946-E2789D83CBF1}.Debug|Any CPU.ActiveCfg = Debug|Any CPU
		{AFF222E1-A2B8-4257-9946-E2789D83CBF1}.Debug|Any CPU.Build.0 = Debug|Any CPU
		{AFF222E1-A2B8-4257-9946-E2789D83CBF1}.Release|Any CPU.ActiveCfg = Release|Any CPU
		{AFF222E1-A2B8-4257-9946-E2789D83CBF1}.Release|Any CPU.Build.0 = Release|Any CPU
	EndGlobalSection
	GlobalSection(SolutionProperties) = preSolution
		HideSolutionNode = FALSE
	EndGlobalSection
	GlobalSection(ExtensibilityGlobals) = postSolution
		SolutionGuid = {4878FEF6-4A6F-42A5-ADCB-5ABF822C3882}
	EndGlobalSection
EndGlobal
